// !$*UTF8*$!
{
	archiveVersion = 1;
	classes = {
	};
	objectVersion = 56;
	objects = {

/* Begin PBXBuildFile section */
		844D31D22C55895A0038D8EA /* GarmentCoreData.swift in Sources */ = {isa = PBXBuildFile; fileRef = 844D31D12C55895A0038D8EA /* GarmentCoreData.swift */; };
		844D31D52C594CBF0038D8EA /* Dependencies.swift in Sources */ = {isa = PBXBuildFile; fileRef = 844D31D42C594CBF0038D8EA /* Dependencies.swift */; };
		84685E692C50944B003475D9 /* luluListApp.swift in Sources */ = {isa = PBXBuildFile; fileRef = 84685E682C50944B003475D9 /* luluListApp.swift */; };
		84685E6B2C50944B003475D9 /* GarmentListView.swift in Sources */ = {isa = PBXBuildFile; fileRef = 84685E6A2C50944B003475D9 /* GarmentListView.swift */; };
		84685E6D2C50944D003475D9 /* Assets.xcassets in Resources */ = {isa = PBXBuildFile; fileRef = 84685E6C2C50944D003475D9 /* Assets.xcassets */; };
		84685E702C50944D003475D9 /* Preview Assets.xcassets in Resources */ = {isa = PBXBuildFile; fileRef = 84685E6F2C50944D003475D9 /* Preview Assets.xcassets */; };
		84685E722C50944D003475D9 /* CoreData.swift in Sources */ = {isa = PBXBuildFile; fileRef = 84685E712C50944D003475D9 /* CoreData.swift */; };
		84685E752C50944D003475D9 /* luluList.xcdatamodeld in Sources */ = {isa = PBXBuildFile; fileRef = 84685E732C50944D003475D9 /* luluList.xcdatamodeld */; };
		84685E7F2C50944D003475D9 /* luluListTests.swift in Sources */ = {isa = PBXBuildFile; fileRef = 84685E7E2C50944D003475D9 /* luluListTests.swift */; };
		84685E892C50944D003475D9 /* luluListUITests.swift in Sources */ = {isa = PBXBuildFile; fileRef = 84685E882C50944D003475D9 /* luluListUITests.swift */; };
		84685E8B2C50944D003475D9 /* luluListUITestsLaunchTests.swift in Sources */ = {isa = PBXBuildFile; fileRef = 84685E8A2C50944D003475D9 /* luluListUITestsLaunchTests.swift */; };
		84685E992C50952B003475D9 /* ComposableArchitecture in Frameworks */ = {isa = PBXBuildFile; productRef = 84685E982C50952B003475D9 /* ComposableArchitecture */; };
		84685E9B2C51F4F0003475D9 /* Garment.swift in Sources */ = {isa = PBXBuildFile; fileRef = 84685E9A2C51F4F0003475D9 /* Garment.swift */; };
		84685E9D2C51F707003475D9 /* Environment.swift in Sources */ = {isa = PBXBuildFile; fileRef = 84685E9C2C51F707003475D9 /* Environment.swift */; };
		84685E9F2C520B91003475D9 /* AddGarmentView.swift in Sources */ = {isa = PBXBuildFile; fileRef = 84685E9E2C520B91003475D9 /* AddGarmentView.swift */; };
		84685EA12C521A8E003475D9 /* FetchPublisher.swift in Sources */ = {isa = PBXBuildFile; fileRef = 84685EA02C521A8E003475D9 /* FetchPublisher.swift */; };
/* End PBXBuildFile section */

/* Begin PBXContainerItemProxy section */
		84685E7B2C50944D003475D9 /* PBXContainerItemProxy */ = {
			isa = PBXContainerItemProxy;
			containerPortal = 84685E5D2C50944B003475D9 /* Project object */;
			proxyType = 1;
			remoteGlobalIDString = 84685E642C50944B003475D9;
			remoteInfo = luluList;
		};
		84685E852C50944D003475D9 /* PBXContainerItemProxy */ = {
			isa = PBXContainerItemProxy;
			containerPortal = 84685E5D2C50944B003475D9 /* Project object */;
			proxyType = 1;
			remoteGlobalIDString = 84685E642C50944B003475D9;
			remoteInfo = luluList;
		};
/* End PBXContainerItemProxy section */

/* Begin PBXFileReference section */
		844D31D12C55895A0038D8EA /* GarmentCoreData.swift */ = {isa = PBXFileReference; lastKnownFileType = sourcecode.swift; path = GarmentCoreData.swift; sourceTree = "<group>"; };
		844D31D32C5617920038D8EA /* luluList.xctestplan */ = {isa = PBXFileReference; lastKnownFileType = text; path = luluList.xctestplan; sourceTree = "<group>"; };
		844D31D42C594CBF0038D8EA /* Dependencies.swift */ = {isa = PBXFileReference; lastKnownFileType = sourcecode.swift; path = Dependencies.swift; sourceTree = "<group>"; };
		84685E652C50944B003475D9 /* llList.app */ = {isa = PBXFileReference; explicitFileType = wrapper.application; includeInIndex = 0; path = llList.app; sourceTree = BUILT_PRODUCTS_DIR; };
		84685E682C50944B003475D9 /* luluListApp.swift */ = {isa = PBXFileReference; lastKnownFileType = sourcecode.swift; path = luluListApp.swift; sourceTree = "<group>"; };
		84685E6A2C50944B003475D9 /* GarmentListView.swift */ = {isa = PBXFileReference; lastKnownFileType = sourcecode.swift; path = GarmentListView.swift; sourceTree = "<group>"; };
		84685E6C2C50944D003475D9 /* Assets.xcassets */ = {isa = PBXFileReference; lastKnownFileType = folder.assetcatalog; path = Assets.xcassets; sourceTree = "<group>"; };
		84685E6F2C50944D003475D9 /* Preview Assets.xcassets */ = {isa = PBXFileReference; lastKnownFileType = folder.assetcatalog; path = "Preview Assets.xcassets"; sourceTree = "<group>"; };
		84685E712C50944D003475D9 /* CoreData.swift */ = {isa = PBXFileReference; lastKnownFileType = sourcecode.swift; path = CoreData.swift; sourceTree = "<group>"; };
		84685E742C50944D003475D9 /* luluList.xcdatamodel */ = {isa = PBXFileReference; lastKnownFileType = wrapper.xcdatamodel; path = luluList.xcdatamodel; sourceTree = "<group>"; };
		84685E7A2C50944D003475D9 /* luluListTests.xctest */ = {isa = PBXFileReference; explicitFileType = wrapper.cfbundle; includeInIndex = 0; path = luluListTests.xctest; sourceTree = BUILT_PRODUCTS_DIR; };
		84685E7E2C50944D003475D9 /* luluListTests.swift */ = {isa = PBXFileReference; lastKnownFileType = sourcecode.swift; path = luluListTests.swift; sourceTree = "<group>"; };
		84685E842C50944D003475D9 /* luluListUITests.xctest */ = {isa = PBXFileReference; explicitFileType = wrapper.cfbundle; includeInIndex = 0; path = luluListUITests.xctest; sourceTree = BUILT_PRODUCTS_DIR; };
		84685E882C50944D003475D9 /* luluListUITests.swift */ = {isa = PBXFileReference; lastKnownFileType = sourcecode.swift; path = luluListUITests.swift; sourceTree = "<group>"; };
		84685E8A2C50944D003475D9 /* luluListUITestsLaunchTests.swift */ = {isa = PBXFileReference; lastKnownFileType = sourcecode.swift; path = luluListUITestsLaunchTests.swift; sourceTree = "<group>"; };
		84685E9A2C51F4F0003475D9 /* Garment.swift */ = {isa = PBXFileReference; lastKnownFileType = sourcecode.swift; path = Garment.swift; sourceTree = "<group>"; };
		84685E9C2C51F707003475D9 /* Environment.swift */ = {isa = PBXFileReference; lastKnownFileType = sourcecode.swift; path = Environment.swift; sourceTree = "<group>"; };
		84685E9E2C520B91003475D9 /* AddGarmentView.swift */ = {isa = PBXFileReference; lastKnownFileType = sourcecode.swift; path = AddGarmentView.swift; sourceTree = "<group>"; };
		84685EA02C521A8E003475D9 /* FetchPublisher.swift */ = {isa = PBXFileReference; lastKnownFileType = sourcecode.swift; path = FetchPublisher.swift; sourceTree = "<group>"; };
/* End PBXFileReference section */

/* Begin PBXFrameworksBuildPhase section */
		84685E622C50944B003475D9 /* Frameworks */ = {
			isa = PBXFrameworksBuildPhase;
			buildActionMask = 2147483647;
			files = (
				84685E992C50952B003475D9 /* ComposableArchitecture in Frameworks */,
			);
			runOnlyForDeploymentPostprocessing = 0;
		};
		84685E772C50944D003475D9 /* Frameworks */ = {
			isa = PBXFrameworksBuildPhase;
			buildActionMask = 2147483647;
			files = (
			);
			runOnlyForDeploymentPostprocessing = 0;
		};
		84685E812C50944D003475D9 /* Frameworks */ = {
			isa = PBXFrameworksBuildPhase;
			buildActionMask = 2147483647;
			files = (
			);
			runOnlyForDeploymentPostprocessing = 0;
		};
/* End PBXFrameworksBuildPhase section */

/* Begin PBXGroup section */
		844D31CE2C5358390038D8EA /* Models */ = {
			isa = PBXGroup;
			children = (
				84685E9A2C51F4F0003475D9 /* Garment.swift */,
				844D31D12C55895A0038D8EA /* GarmentCoreData.swift */,
				844D31D42C594CBF0038D8EA /* Dependencies.swift */,
			);
			path = Models;
			sourceTree = "<group>";
		};
		844D31CF2C53584B0038D8EA /* Views */ = {
			isa = PBXGroup;
			children = (
				84685E6A2C50944B003475D9 /* GarmentListView.swift */,
				84685E9E2C520B91003475D9 /* AddGarmentView.swift */,
			);
			path = Views;
			sourceTree = "<group>";
		};
		844D31D02C53585A0038D8EA /* CoreData */ = {
			isa = PBXGroup;
			children = (
				84685EA02C521A8E003475D9 /* FetchPublisher.swift */,
				84685E712C50944D003475D9 /* CoreData.swift */,
			);
			path = CoreData;
			sourceTree = "<group>";
		};
		84685E5C2C50944B003475D9 = {
			isa = PBXGroup;
			children = (
				844D31D32C5617920038D8EA /* luluList.xctestplan */,
				84685E672C50944B003475D9 /* luluList */,
				84685E7D2C50944D003475D9 /* luluListTests */,
				84685E872C50944D003475D9 /* luluListUITests */,
				84685E662C50944B003475D9 /* Products */,
			);
			sourceTree = "<group>";
		};
		84685E662C50944B003475D9 /* Products */ = {
			isa = PBXGroup;
			children = (
				84685E652C50944B003475D9 /* llList.app */,
				84685E7A2C50944D003475D9 /* luluListTests.xctest */,
				84685E842C50944D003475D9 /* luluListUITests.xctest */,
			);
			name = Products;
			sourceTree = "<group>";
		};
		84685E672C50944B003475D9 /* luluList */ = {
			isa = PBXGroup;
			children = (
				84685E682C50944B003475D9 /* luluListApp.swift */,
				84685E9C2C51F707003475D9 /* Environment.swift */,
				844D31CF2C53584B0038D8EA /* Views */,
				844D31CE2C5358390038D8EA /* Models */,
				844D31D02C53585A0038D8EA /* CoreData */,
				84685E6C2C50944D003475D9 /* Assets.xcassets */,
				84685E732C50944D003475D9 /* luluList.xcdatamodeld */,
				84685E6E2C50944D003475D9 /* Preview Content */,
			);
			path = luluList;
			sourceTree = "<group>";
		};
		84685E6E2C50944D003475D9 /* Preview Content */ = {
			isa = PBXGroup;
			children = (
				84685E6F2C50944D003475D9 /* Preview Assets.xcassets */,
			);
			path = "Preview Content";
			sourceTree = "<group>";
		};
		84685E7D2C50944D003475D9 /* luluListTests */ = {
			isa = PBXGroup;
			children = (
				84685E7E2C50944D003475D9 /* luluListTests.swift */,
			);
			path = luluListTests;
			sourceTree = "<group>";
		};
		84685E872C50944D003475D9 /* luluListUITests */ = {
			isa = PBXGroup;
			children = (
				84685E882C50944D003475D9 /* luluListUITests.swift */,
				84685E8A2C50944D003475D9 /* luluListUITestsLaunchTests.swift */,
			);
			path = luluListUITests;
			sourceTree = "<group>";
		};
/* End PBXGroup section */

/* Begin PBXNativeTarget section */
		84685E642C50944B003475D9 /* llList */ = {
			isa = PBXNativeTarget;
			buildConfigurationList = 84685E8E2C50944D003475D9 /* Build configuration list for PBXNativeTarget "llList" */;
			buildPhases = (
				84685E612C50944B003475D9 /* Sources */,
				84685E622C50944B003475D9 /* Frameworks */,
				84685E632C50944B003475D9 /* Resources */,
			);
			buildRules = (
			);
			dependencies = (
			);
			name = llList;
			packageProductDependencies = (
				84685E982C50952B003475D9 /* ComposableArchitecture */,
			);
			productName = luluList;
			productReference = 84685E652C50944B003475D9 /* llList.app */;
			productType = "com.apple.product-type.application";
		};
		84685E792C50944D003475D9 /* luluListTests */ = {
			isa = PBXNativeTarget;
			buildConfigurationList = 84685E912C50944D003475D9 /* Build configuration list for PBXNativeTarget "luluListTests" */;
			buildPhases = (
				84685E762C50944D003475D9 /* Sources */,
				84685E772C50944D003475D9 /* Frameworks */,
				84685E782C50944D003475D9 /* Resources */,
			);
			buildRules = (
			);
			dependencies = (
				84685E7C2C50944D003475D9 /* PBXTargetDependency */,
			);
			name = luluListTests;
			productName = luluListTests;
			productReference = 84685E7A2C50944D003475D9 /* luluListTests.xctest */;
			productType = "com.apple.product-type.bundle.unit-test";
		};
		84685E832C50944D003475D9 /* luluListUITests */ = {
			isa = PBXNativeTarget;
			buildConfigurationList = 84685E942C50944D003475D9 /* Build configuration list for PBXNativeTarget "luluListUITests" */;
			buildPhases = (
				84685E802C50944D003475D9 /* Sources */,
				84685E812C50944D003475D9 /* Frameworks */,
				84685E822C50944D003475D9 /* Resources */,
			);
			buildRules = (
			);
			dependencies = (
				84685E862C50944D003475D9 /* PBXTargetDependency */,
			);
			name = luluListUITests;
			productName = luluListUITests;
			productReference = 84685E842C50944D003475D9 /* luluListUITests.xctest */;
			productType = "com.apple.product-type.bundle.ui-testing";
		};
/* End PBXNativeTarget section */

/* Begin PBXProject section */
		84685E5D2C50944B003475D9 /* Project object */ = {
			isa = PBXProject;
			attributes = {
				BuildIndependentTargetsInParallel = 1;
				LastSwiftUpdateCheck = 1540;
				LastUpgradeCheck = 1540;
				TargetAttributes = {
					84685E642C50944B003475D9 = {
						CreatedOnToolsVersion = 15.4;
					};
					84685E792C50944D003475D9 = {
						CreatedOnToolsVersion = 15.4;
						TestTargetID = 84685E642C50944B003475D9;
					};
					84685E832C50944D003475D9 = {
						CreatedOnToolsVersion = 15.4;
						TestTargetID = 84685E642C50944B003475D9;
					};
				};
			};
			buildConfigurationList = 84685E602C50944B003475D9 /* Build configuration list for PBXProject "luluList" */;
			compatibilityVersion = "Xcode 14.0";
			developmentRegion = en;
			hasScannedForEncodings = 0;
			knownRegions = (
				en,
				Base,
			);
			mainGroup = 84685E5C2C50944B003475D9;
			packageReferences = (
				84685E972C50952B003475D9 /* XCRemoteSwiftPackageReference "swift-composable-architecture" */,
			);
			productRefGroup = 84685E662C50944B003475D9 /* Products */;
			projectDirPath = "";
			projectRoot = "";
			targets = (
				84685E642C50944B003475D9 /* llList */,
				84685E792C50944D003475D9 /* luluListTests */,
				84685E832C50944D003475D9 /* luluListUITests */,
			);
		};
/* End PBXProject section */

/* Begin PBXResourcesBuildPhase section */
		84685E632C50944B003475D9 /* Resources */ = {
			isa = PBXResourcesBuildPhase;
			buildActionMask = 2147483647;
			files = (
				84685E702C50944D003475D9 /* Preview Assets.xcassets in Resources */,
				84685E6D2C50944D003475D9 /* Assets.xcassets in Resources */,
			);
			runOnlyForDeploymentPostprocessing = 0;
		};
		84685E782C50944D003475D9 /* Resources */ = {
			isa = PBXResourcesBuildPhase;
			buildActionMask = 2147483647;
			files = (
			);
			runOnlyForDeploymentPostprocessing = 0;
		};
		84685E822C50944D003475D9 /* Resources */ = {
			isa = PBXResourcesBuildPhase;
			buildActionMask = 2147483647;
			files = (
			);
			runOnlyForDeploymentPostprocessing = 0;
		};
/* End PBXResourcesBuildPhase section */

/* Begin PBXSourcesBuildPhase section */
		84685E612C50944B003475D9 /* Sources */ = {
			isa = PBXSourcesBuildPhase;
			buildActionMask = 2147483647;
			files = (
				84685E722C50944D003475D9 /* CoreData.swift in Sources */,
				84685E9D2C51F707003475D9 /* Environment.swift in Sources */,
				84685E6B2C50944B003475D9 /* GarmentListView.swift in Sources */,
				84685E9F2C520B91003475D9 /* AddGarmentView.swift in Sources */,
				84685E9B2C51F4F0003475D9 /* Garment.swift in Sources */,
				844D31D22C55895A0038D8EA /* GarmentCoreData.swift in Sources */,
				84685E692C50944B003475D9 /* luluListApp.swift in Sources */,
				84685E752C50944D003475D9 /* luluList.xcdatamodeld in Sources */,
				844D31D52C594CBF0038D8EA /* Dependencies.swift in Sources */,
				84685EA12C521A8E003475D9 /* FetchPublisher.swift in Sources */,
			);
			runOnlyForDeploymentPostprocessing = 0;
		};
		84685E762C50944D003475D9 /* Sources */ = {
			isa = PBXSourcesBuildPhase;
			buildActionMask = 2147483647;
			files = (
				84685E7F2C50944D003475D9 /* luluListTests.swift in Sources */,
			);
			runOnlyForDeploymentPostprocessing = 0;
		};
		84685E802C50944D003475D9 /* Sources */ = {
			isa = PBXSourcesBuildPhase;
			buildActionMask = 2147483647;
			files = (
				84685E8B2C50944D003475D9 /* luluListUITestsLaunchTests.swift in Sources */,
				84685E892C50944D003475D9 /* luluListUITests.swift in Sources */,
			);
			runOnlyForDeploymentPostprocessing = 0;
		};
/* End PBXSourcesBuildPhase section */

/* Begin PBXTargetDependency section */
		84685E7C2C50944D003475D9 /* PBXTargetDependency */ = {
			isa = PBXTargetDependency;
			target = 84685E642C50944B003475D9 /* llList */;
			targetProxy = 84685E7B2C50944D003475D9 /* PBXContainerItemProxy */;
		};
		84685E862C50944D003475D9 /* PBXTargetDependency */ = {
			isa = PBXTargetDependency;
			target = 84685E642C50944B003475D9 /* llList */;
			targetProxy = 84685E852C50944D003475D9 /* PBXContainerItemProxy */;
		};
/* End PBXTargetDependency section */

/* Begin XCBuildConfiguration section */
		84685E8C2C50944D003475D9 /* Debug */ = {
			isa = XCBuildConfiguration;
			buildSettings = {
				ALWAYS_SEARCH_USER_PATHS = NO;
				ASSETCATALOG_COMPILER_GENERATE_SWIFT_ASSET_SYMBOL_EXTENSIONS = YES;
				CLANG_ANALYZER_NONNULL = YES;
				CLANG_ANALYZER_NUMBER_OBJECT_CONVERSION = YES_AGGRESSIVE;
				CLANG_CXX_LANGUAGE_STANDARD = "gnu++20";
				CLANG_ENABLE_MODULES = YES;
				CLANG_ENABLE_OBJC_ARC = YES;
				CLANG_ENABLE_OBJC_WEAK = YES;
				CLANG_WARN_BLOCK_CAPTURE_AUTORELEASING = YES;
				CLANG_WARN_BOOL_CONVERSION = YES;
				CLANG_WARN_COMMA = YES;
				CLANG_WARN_CONSTANT_CONVERSION = YES;
				CLANG_WARN_DEPRECATED_OBJC_IMPLEMENTATIONS = YES;
				CLANG_WARN_DIRECT_OBJC_ISA_USAGE = YES_ERROR;
				CLANG_WARN_DOCUMENTATION_COMMENTS = YES;
				CLANG_WARN_EMPTY_BODY = YES;
				CLANG_WARN_ENUM_CONVERSION = YES;
				CLANG_WARN_INFINITE_RECURSION = YES;
				CLANG_WARN_INT_CONVERSION = YES;
				CLANG_WARN_NON_LITERAL_NULL_CONVERSION = YES;
				CLANG_WARN_OBJC_IMPLICIT_RETAIN_SELF = YES;
				CLANG_WARN_OBJC_LITERAL_CONVERSION = YES;
				CLANG_WARN_OBJC_ROOT_CLASS = YES_ERROR;
				CLANG_WARN_QUOTED_INCLUDE_IN_FRAMEWORK_HEADER = YES;
				CLANG_WARN_RANGE_LOOP_ANALYSIS = YES;
				CLANG_WARN_STRICT_PROTOTYPES = YES;
				CLANG_WARN_SUSPICIOUS_MOVE = YES;
				CLANG_WARN_UNGUARDED_AVAILABILITY = YES_AGGRESSIVE;
				CLANG_WARN_UNREACHABLE_CODE = YES;
				CLANG_WARN__DUPLICATE_METHOD_MATCH = YES;
				COPY_PHASE_STRIP = NO;
				DEBUG_INFORMATION_FORMAT = dwarf;
				ENABLE_STRICT_OBJC_MSGSEND = YES;
				ENABLE_TESTABILITY = YES;
				ENABLE_USER_SCRIPT_SANDBOXING = YES;
				GCC_C_LANGUAGE_STANDARD = gnu17;
				GCC_DYNAMIC_NO_PIC = NO;
				GCC_NO_COMMON_BLOCKS = YES;
				GCC_OPTIMIZATION_LEVEL = 0;
				GCC_PREPROCESSOR_DEFINITIONS = (
					"DEBUG=1",
					"$(inherited)",
				);
				GCC_WARN_64_TO_32_BIT_CONVERSION = YES;
				GCC_WARN_ABOUT_RETURN_TYPE = YES_ERROR;
				GCC_WARN_UNDECLARED_SELECTOR = YES;
				GCC_WARN_UNINITIALIZED_AUTOS = YES_AGGRESSIVE;
				GCC_WARN_UNUSED_FUNCTION = YES;
				GCC_WARN_UNUSED_VARIABLE = YES;
				IPHONEOS_DEPLOYMENT_TARGET = 17.5;
				LOCALIZATION_PREFERS_STRING_CATALOGS = YES;
				MTL_ENABLE_DEBUG_INFO = INCLUDE_SOURCE;
				MTL_FAST_MATH = YES;
				ONLY_ACTIVE_ARCH = YES;
				SDKROOT = iphoneos;
				SWIFT_ACTIVE_COMPILATION_CONDITIONS = "DEBUG $(inherited)";
				SWIFT_OPTIMIZATION_LEVEL = "-Onone";
			};
			name = Debug;
		};
		84685E8D2C50944D003475D9 /* Release */ = {
			isa = XCBuildConfiguration;
			buildSettings = {
				ALWAYS_SEARCH_USER_PATHS = NO;
				ASSETCATALOG_COMPILER_GENERATE_SWIFT_ASSET_SYMBOL_EXTENSIONS = YES;
				CLANG_ANALYZER_NONNULL = YES;
				CLANG_ANALYZER_NUMBER_OBJECT_CONVERSION = YES_AGGRESSIVE;
				CLANG_CXX_LANGUAGE_STANDARD = "gnu++20";
				CLANG_ENABLE_MODULES = YES;
				CLANG_ENABLE_OBJC_ARC = YES;
				CLANG_ENABLE_OBJC_WEAK = YES;
				CLANG_WARN_BLOCK_CAPTURE_AUTORELEASING = YES;
				CLANG_WARN_BOOL_CONVERSION = YES;
				CLANG_WARN_COMMA = YES;
				CLANG_WARN_CONSTANT_CONVERSION = YES;
				CLANG_WARN_DEPRECATED_OBJC_IMPLEMENTATIONS = YES;
				CLANG_WARN_DIRECT_OBJC_ISA_USAGE = YES_ERROR;
				CLANG_WARN_DOCUMENTATION_COMMENTS = YES;
				CLANG_WARN_EMPTY_BODY = YES;
				CLANG_WARN_ENUM_CONVERSION = YES;
				CLANG_WARN_INFINITE_RECURSION = YES;
				CLANG_WARN_INT_CONVERSION = YES;
				CLANG_WARN_NON_LITERAL_NULL_CONVERSION = YES;
				CLANG_WARN_OBJC_IMPLICIT_RETAIN_SELF = YES;
				CLANG_WARN_OBJC_LITERAL_CONVERSION = YES;
				CLANG_WARN_OBJC_ROOT_CLASS = YES_ERROR;
				CLANG_WARN_QUOTED_INCLUDE_IN_FRAMEWORK_HEADER = YES;
				CLANG_WARN_RANGE_LOOP_ANALYSIS = YES;
				CLANG_WARN_STRICT_PROTOTYPES = YES;
				CLANG_WARN_SUSPICIOUS_MOVE = YES;
				CLANG_WARN_UNGUARDED_AVAILABILITY = YES_AGGRESSIVE;
				CLANG_WARN_UNREACHABLE_CODE = YES;
				CLANG_WARN__DUPLICATE_METHOD_MATCH = YES;
				COPY_PHASE_STRIP = NO;
				DEBUG_INFORMATION_FORMAT = "dwarf-with-dsym";
				ENABLE_NS_ASSERTIONS = NO;
				ENABLE_STRICT_OBJC_MSGSEND = YES;
				ENABLE_USER_SCRIPT_SANDBOXING = YES;
				GCC_C_LANGUAGE_STANDARD = gnu17;
				GCC_NO_COMMON_BLOCKS = YES;
				GCC_WARN_64_TO_32_BIT_CONVERSION = YES;
				GCC_WARN_ABOUT_RETURN_TYPE = YES_ERROR;
				GCC_WARN_UNDECLARED_SELECTOR = YES;
				GCC_WARN_UNINITIALIZED_AUTOS = YES_AGGRESSIVE;
				GCC_WARN_UNUSED_FUNCTION = YES;
				GCC_WARN_UNUSED_VARIABLE = YES;
				IPHONEOS_DEPLOYMENT_TARGET = 17.5;
				LOCALIZATION_PREFERS_STRING_CATALOGS = YES;
				MTL_ENABLE_DEBUG_INFO = NO;
				MTL_FAST_MATH = YES;
				SDKROOT = iphoneos;
				SWIFT_COMPILATION_MODE = wholemodule;
				VALIDATE_PRODUCT = YES;
			};
			name = Release;
		};
		84685E8F2C50944D003475D9 /* Debug */ = {
			isa = XCBuildConfiguration;
			buildSettings = {
				ASSETCATALOG_COMPILER_APPICON_NAME = AppIcon;
				ASSETCATALOG_COMPILER_GLOBAL_ACCENT_COLOR_NAME = AccentColor;
				CODE_SIGN_STYLE = Automatic;
				CURRENT_PROJECT_VERSION = 1;
				DEVELOPMENT_ASSET_PATHS = "\"luluList/Preview Content\"";
				DEVELOPMENT_TEAM = ZU9YSQ22FQ;
				ENABLE_PREVIEWS = YES;
				GENERATE_INFOPLIST_FILE = YES;
				INFOPLIST_KEY_UIApplicationSceneManifest_Generation = YES;
				INFOPLIST_KEY_UIApplicationSupportsIndirectInputEvents = YES;
				INFOPLIST_KEY_UILaunchScreen_Generation = YES;
				INFOPLIST_KEY_UISupportedInterfaceOrientations_iPad = "UIInterfaceOrientationPortrait UIInterfaceOrientationPortraitUpsideDown UIInterfaceOrientationLandscapeLeft UIInterfaceOrientationLandscapeRight";
				INFOPLIST_KEY_UISupportedInterfaceOrientations_iPhone = "UIInterfaceOrientationPortrait UIInterfaceOrientationLandscapeLeft UIInterfaceOrientationLandscapeRight";
				IPHONEOS_DEPLOYMENT_TARGET = 17.4;
				LD_RUNPATH_SEARCH_PATHS = (
					"$(inherited)",
					"@executable_path/Frameworks",
				);
				MARKETING_VERSION = 1.0;
				PRODUCT_BUNDLE_IDENTIFIER = com.bethegame.luluList;
				PRODUCT_NAME = "$(TARGET_NAME)";
				SWIFT_EMIT_LOC_STRINGS = YES;
				SWIFT_VERSION = 5.0;
				TARGETED_DEVICE_FAMILY = "1,2";
			};
			name = Debug;
		};
		84685E902C50944D003475D9 /* Release */ = {
			isa = XCBuildConfiguration;
			buildSettings = {
				ASSETCATALOG_COMPILER_APPICON_NAME = AppIcon;
				ASSETCATALOG_COMPILER_GLOBAL_ACCENT_COLOR_NAME = AccentColor;
				CODE_SIGN_STYLE = Automatic;
				CURRENT_PROJECT_VERSION = 1;
				DEVELOPMENT_ASSET_PATHS = "\"luluList/Preview Content\"";
				DEVELOPMENT_TEAM = ZU9YSQ22FQ;
				ENABLE_PREVIEWS = YES;
				GENERATE_INFOPLIST_FILE = YES;
				INFOPLIST_KEY_UIApplicationSceneManifest_Generation = YES;
				INFOPLIST_KEY_UIApplicationSupportsIndirectInputEvents = YES;
				INFOPLIST_KEY_UILaunchScreen_Generation = YES;
				INFOPLIST_KEY_UISupportedInterfaceOrientations_iPad = "UIInterfaceOrientationPortrait UIInterfaceOrientationPortraitUpsideDown UIInterfaceOrientationLandscapeLeft UIInterfaceOrientationLandscapeRight";
				INFOPLIST_KEY_UISupportedInterfaceOrientations_iPhone = "UIInterfaceOrientationPortrait UIInterfaceOrientationLandscapeLeft UIInterfaceOrientationLandscapeRight";
				IPHONEOS_DEPLOYMENT_TARGET = 17.4;
				LD_RUNPATH_SEARCH_PATHS = (
					"$(inherited)",
					"@executable_path/Frameworks",
				);
				MARKETING_VERSION = 1.0;
				PRODUCT_BUNDLE_IDENTIFIER = com.bethegame.luluList;
				PRODUCT_NAME = "$(TARGET_NAME)";
				SWIFT_EMIT_LOC_STRINGS = YES;
				SWIFT_VERSION = 5.0;
				TARGETED_DEVICE_FAMILY = "1,2";
			};
			name = Release;
		};
		84685E922C50944D003475D9 /* Debug */ = {
			isa = XCBuildConfiguration;
			buildSettings = {
				ALWAYS_EMBED_SWIFT_STANDARD_LIBRARIES = YES;
				BUNDLE_LOADER = "$(TEST_HOST)";
				CODE_SIGN_STYLE = Automatic;
				CURRENT_PROJECT_VERSION = 1;
				DEVELOPMENT_TEAM = ZU9YSQ22FQ;
				GENERATE_INFOPLIST_FILE = YES;
				IPHONEOS_DEPLOYMENT_TARGET = 17.4;
				MARKETING_VERSION = 1.0;
				PRODUCT_BUNDLE_IDENTIFIER = com.bethegame.luluListTests;
				PRODUCT_NAME = "$(TARGET_NAME)";
				SWIFT_EMIT_LOC_STRINGS = NO;
				SWIFT_VERSION = 5.0;
				TARGETED_DEVICE_FAMILY = "1,2";
				TEST_HOST = "$(BUILT_PRODUCTS_DIR)/llList.app/$(BUNDLE_EXECUTABLE_FOLDER_PATH)/llList";
			};
			name = Debug;
		};
		84685E932C50944D003475D9 /* Release */ = {
			isa = XCBuildConfiguration;
			buildSettings = {
				ALWAYS_EMBED_SWIFT_STANDARD_LIBRARIES = YES;
				BUNDLE_LOADER = "$(TEST_HOST)";
				CODE_SIGN_STYLE = Automatic;
				CURRENT_PROJECT_VERSION = 1;
				DEVELOPMENT_TEAM = ZU9YSQ22FQ;
				GENERATE_INFOPLIST_FILE = YES;
				IPHONEOS_DEPLOYMENT_TARGET = 17.4;
				MARKETING_VERSION = 1.0;
				PRODUCT_BUNDLE_IDENTIFIER = com.bethegame.luluListTests;
				PRODUCT_NAME = "$(TARGET_NAME)";
				SWIFT_EMIT_LOC_STRINGS = NO;
				SWIFT_VERSION = 5.0;
				TARGETED_DEVICE_FAMILY = "1,2";
				TEST_HOST = "$(BUILT_PRODUCTS_DIR)/llList.app/$(BUNDLE_EXECUTABLE_FOLDER_PATH)/llList";
			};
			name = Release;
		};
		84685E952C50944D003475D9 /* Debug */ = {
			isa = XCBuildConfiguration;
			buildSettings = {
				ALWAYS_EMBED_SWIFT_STANDARD_LIBRARIES = YES;
				CODE_SIGN_STYLE = Automatic;
				CURRENT_PROJECT_VERSION = 1;
				DEVELOPMENT_TEAM = ZU9YSQ22FQ;
				GENERATE_INFOPLIST_FILE = YES;
				IPHONEOS_DEPLOYMENT_TARGET = 17.4;
				MARKETING_VERSION = 1.0;
				PRODUCT_BUNDLE_IDENTIFIER = com.bethegame.luluListUITests;
				PRODUCT_NAME = "$(TARGET_NAME)";
				SWIFT_EMIT_LOC_STRINGS = NO;
				SWIFT_VERSION = 5.0;
				TARGETED_DEVICE_FAMILY = "1,2";
				TEST_TARGET_NAME = luluList;
			};
			name = Debug;
		};
		84685E962C50944D003475D9 /* Release */ = {
			isa = XCBuildConfiguration;
			buildSettings = {
				ALWAYS_EMBED_SWIFT_STANDARD_LIBRARIES = YES;
				CODE_SIGN_STYLE = Automatic;
				CURRENT_PROJECT_VERSION = 1;
				DEVELOPMENT_TEAM = ZU9YSQ22FQ;
				GENERATE_INFOPLIST_FILE = YES;
				IPHONEOS_DEPLOYMENT_TARGET = 17.4;
				MARKETING_VERSION = 1.0;
				PRODUCT_BUNDLE_IDENTIFIER = com.bethegame.luluListUITests;
				PRODUCT_NAME = "$(TARGET_NAME)";
				SWIFT_EMIT_LOC_STRINGS = NO;
				SWIFT_VERSION = 5.0;
				TARGETED_DEVICE_FAMILY = "1,2";
				TEST_TARGET_NAME = luluList;
			};
			name = Release;
		};
/* End XCBuildConfiguration section */

/* Begin XCConfigurationList section */
		84685E602C50944B003475D9 /* Build configuration list for PBXProject "luluList" */ = {
			isa = XCConfigurationList;
			buildConfigurations = (
				84685E8C2C50944D003475D9 /* Debug */,
				84685E8D2C50944D003475D9 /* Release */,
			);
			defaultConfigurationIsVisible = 0;
			defaultConfigurationName = Release;
		};
		84685E8E2C50944D003475D9 /* Build configuration list for PBXNativeTarget "llList" */ = {
			isa = XCConfigurationList;
			buildConfigurations = (
				84685E8F2C50944D003475D9 /* Debug */,
				84685E902C50944D003475D9 /* Release */,
			);
			defaultConfigurationIsVisible = 0;
			defaultConfigurationName = Release;
		};
		84685E912C50944D003475D9 /* Build configuration list for PBXNativeTarget "luluListTests" */ = {
			isa = XCConfigurationList;
			buildConfigurations = (
				84685E922C50944D003475D9 /* Debug */,
				84685E932C50944D003475D9 /* Release */,
			);
			defaultConfigurationIsVisible = 0;
			defaultConfigurationName = Release;
		};
		84685E942C50944D003475D9 /* Build configuration list for PBXNativeTarget "luluListUITests" */ = {
			isa = XCConfigurationList;
			buildConfigurations = (
				84685E952C50944D003475D9 /* Debug */,
				84685E962C50944D003475D9 /* Release */,
			);
			defaultConfigurationIsVisible = 0;
			defaultConfigurationName = Release;
		};
/* End XCConfigurationList section */

/* Begin XCRemoteSwiftPackageReference section */
		84685E972C50952B003475D9 /* XCRemoteSwiftPackageReference "swift-composable-architecture" */ = {
			isa = XCRemoteSwiftPackageReference;
			repositoryURL = "https://github.com/pointfreeco/swift-composable-architecture";
			requirement = {
				kind = upToNextMajorVersion;
				minimumVersion = 1.12.0;
			};
		};
/* End XCRemoteSwiftPackageReference section */

/* Begin XCSwiftPackageProductDependency section */
		84685E982C50952B003475D9 /* ComposableArchitecture */ = {
			isa = XCSwiftPackageProductDependency;
			package = 84685E972C50952B003475D9 /* XCRemoteSwiftPackageReference "swift-composable-architecture" */;
			productName = ComposableArchitecture;
		};
/* End XCSwiftPackageProductDependency section */

/* Begin XCVersionGroup section */
		84685E732C50944D003475D9 /* luluList.xcdatamodeld */ = {
			isa = XCVersionGroup;
			children = (
				84685E742C50944D003475D9 /* luluList.xcdatamodel */,
			);
			currentVersion = 84685E742C50944D003475D9 /* luluList.xcdatamodel */;
			path = luluList.xcdatamodeld;
			sourceTree = "<group>";
			versionGroupType = wrapper.xcdatamodel;
		};
/* End XCVersionGroup section */
	};
	rootObject = 84685E5D2C50944B003475D9 /* Project object */;
}
